
Microsoft Visual Studio Solution File, Format Version 12.00
# Visual Studio Version 17
VisualStudioVersion = 17.14.36202.13
MinimumVisualStudioVersion = 10.0.40219.1
Project("{FAE04EC0-301F-11D3-BF4B-00C04F79EFBC}") = "AuthService", "AuthService\AuthService.csproj", "{8E1D26FC-9024-447B-B883-A867A4DEF90D}"
EndProject
Project("{FAE04EC0-301F-11D3-BF4B-00C04F79EFBC}") = "SharedLib", "SharedLib\SharedLib.csproj", "{05307FEE-14A4-45BF-B075-B32793C69977}"
EndProject
Project("{2150E333-8FDC-42A3-9474-1A3956D46DE8}") = "Solution Items", "Solution Items", "{8EC462FD-D22E-90A8-E5CE-7E832BA40C5D}"
	ProjectSection(SolutionItems) = preProject
		appsettings-docker.json = appsettings-docker.json
		appsettings.json = appsettings.json
	EndProjectSection
EndProject
Project("{FAE04EC0-301F-11D3-BF4B-00C04F79EFBC}") = "UserService", "UserService\UserService.csproj", "{37EC00B2-DFFF-4E84-9D79-0B8E6A755E1F}"
EndProject
Project("{FAE04EC0-301F-11D3-BF4B-00C04F79EFBC}") = "JobService", "JobService\JobService.csproj", "{F0013C81-32BA-4339-A46E-A800DA2AAFD6}"
EndProject
Global
	GlobalSection(SolutionConfigurationPlatforms) = preSolution
		Debug|Any CPU = Debug|Any CPU
		Release|Any CPU = Release|Any CPU
	EndGlobalSection
	GlobalSection(ProjectConfigurationPlatforms) = postSolution
		{8E1D26FC-9024-447B-B883-A867A4DEF90D}.Debug|Any CPU.ActiveCfg = Debug|Any CPU
		{8E1D26FC-9024-447B-B883-A867A4DEF90D}.Debug|Any CPU.Build.0 = Debug|Any CPU
		{8E1D26FC-9024-447B-B883-A867A4DEF90D}.Release|Any CPU.ActiveCfg = Release|Any CPU
		{8E1D26FC-9024-447B-B883-A867A4DEF90D}.Release|Any CPU.Build.0 = Release|Any CPU
		{05307FEE-14A4-45BF-B075-B32793C69977}.Debug|Any CPU.ActiveCfg = Debug|Any CPU
		{05307FEE-14A4-45BF-B075-B32793C69977}.Debug|Any CPU.Build.0 = Debug|Any CPU
		{05307FEE-14A4-45BF-B075-B32793C69977}.Release|Any CPU.ActiveCfg = Release|Any CPU
		{05307FEE-14A4-45BF-B075-B32793C69977}.Release|Any CPU.Build.0 = Release|Any CPU
		{37EC00B2-DFFF-4E84-9D79-0B8E6A755E1F}.Debug|Any CPU.ActiveCfg = Debug|Any CPU
		{37EC00B2-DFFF-4E84-9D79-0B8E6A755E1F}.Debug|Any CPU.Build.0 = Debug|Any CPU
		{37EC00B2-DFFF-4E84-9D79-0B8E6A755E1F}.Release|Any CPU.ActiveCfg = Release|Any CPU
		{37EC00B2-DFFF-4E84-9D79-0B8E6A755E1F}.Release|Any CPU.Build.0 = Release|Any CPU
		{F0013C81-32BA-4339-A46E-A800DA2AAFD6}.Debug|Any CPU.ActiveCfg = Debug|Any CPU
		{F0013C81-32BA-4339-A46E-A800DA2AAFD6}.Debug|Any CPU.Build.0 = Debug|Any CPU
		{F0013C81-32BA-4339-A46E-A800DA2AAFD6}.Release|Any CPU.ActiveCfg = Release|Any CPU
		{F0013C81-32BA-4339-A46E-A800DA2AAFD6}.Release|Any CPU.Build.0 = Release|Any CPU
	EndGlobalSection
	GlobalSection(SolutionProperties) = preSolution
		HideSolutionNode = FALSE
	EndGlobalSection
	GlobalSection(ExtensibilityGlobals) = postSolution
		SolutionGuid = {B0741287-5496-4CD8-BEAD-AC37753C4086}
	EndGlobalSection
EndGlobal
